
Microsoft Visual Studio Solution File, Format Version 12.00
# Visual Studio 15
VisualStudioVersion = 15.0.27703.2047
MinimumVisualStudioVersion = 10.0.40219.1
Project("{FAE04EC0-301F-11D3-BF4B-00C04F79EFBC}") = "Demo", "Demo\Demo.csproj", "{CBF904BF-98EA-4C96-9F4A-5B3702BDC10E}"
EndProject
Global
	GlobalSection(SolutionConfigurationPlatforms) = preSolution
		Debug|Any CPU = Debug|Any CPU
		Release|Any CPU = Release|Any CPU
	EndGlobalSection
	GlobalSection(ProjectConfigurationPlatforms) = postSolution
		{CBF904BF-98EA-4C96-9F4A-5B3702BDC10E}.Debug|Any CPU.ActiveCfg = Debug|Any CPU
		{CBF904BF-98EA-4C96-9F4A-5B3702BDC10E}.Debug|Any CPU.Build.0 = Debug|Any CPU
		{CBF904BF-98EA-4C96-9F4A-5B3702BDC10E}.Release|Any CPU.ActiveCfg = Release|Any CPU
		{CBF904BF-98EA-4C96-9F4A-5B3702BDC10E}.Release|Any CPU.Build.0 = Release|Any CPU
	EndGlobalSection
	GlobalSection(SolutionProperties) = preSolution
		HideSolutionNode = FALSE
	EndGlobalSection
	GlobalSection(ExtensibilityGlobals) = postSolution
		SolutionGuid = {1CF609E8-287F-4BA5-AF8E-47E09480341A}
	EndGlobalSection
EndGlobal
